// !$*UTF8*$!
{
	archiveVersion = 1;
	classes = {
	};
	objectVersion = 50;
	objects = {

/* Begin PBXBuildFile section */
		B2794E5526E1C8D0002F1B8B /* GamesDataSource.swift in Sources */ = {isa = PBXBuildFile; fileRef = B2794E5426E1C8D0002F1B8B /* GamesDataSource.swift */; };
		B2794E5726E1C990002F1B8B /* PlayersDataSource.swift in Sources */ = {isa = PBXBuildFile; fileRef = B2794E5626E1C990002F1B8B /* PlayersDataSource.swift */; };
		B2794E5926E1CA27002F1B8B /* PlayerModel.swift in Sources */ = {isa = PBXBuildFile; fileRef = B2794E5826E1CA27002F1B8B /* PlayerModel.swift */; };
		B2794E5C26E1CB47002F1B8B /* PlayersViewController.swift in Sources */ = {isa = PBXBuildFile; fileRef = B2794E5B26E1CB47002F1B8B /* PlayersViewController.swift */; };
		B2794E5F26E1CD7F002F1B8B /* PlayerCell.swift in Sources */ = {isa = PBXBuildFile; fileRef = B2794E5E26E1CD7F002F1B8B /* PlayerCell.swift */; };
		B2794E6126E1CF79002F1B8B /* PlayerDetailsViewController.swift in Sources */ = {isa = PBXBuildFile; fileRef = B2794E6026E1CF79002F1B8B /* PlayerDetailsViewController.swift */; };
		B2794E6326E1D220002F1B8B /* GamePickerViewController.swift in Sources */ = {isa = PBXBuildFile; fileRef = B2794E6226E1D220002F1B8B /* GamePickerViewController.swift */; };
		B2EA525726DA9D780023441C /* AppDelegate.swift in Sources */ = {isa = PBXBuildFile; fileRef = B2EA525626DA9D780023441C /* AppDelegate.swift */; };
		B2EA525926DA9D780023441C /* SceneDelegate.swift in Sources */ = {isa = PBXBuildFile; fileRef = B2EA525826DA9D780023441C /* SceneDelegate.swift */; };
		B2EA525B26DA9D780023441C /* ViewController.swift in Sources */ = {isa = PBXBuildFile; fileRef = B2EA525A26DA9D780023441C /* ViewController.swift */; };
		B2EA525E26DA9D780023441C /* Main.storyboard in Resources */ = {isa = PBXBuildFile; fileRef = B2EA525C26DA9D780023441C /* Main.storyboard */; };
		B2EA526026DA9D7A0023441C /* Assets.xcassets in Resources */ = {isa = PBXBuildFile; fileRef = B2EA525F26DA9D7A0023441C /* Assets.xcassets */; };
		B2EA526326DA9D7A0023441C /* LaunchScreen.storyboard in Resources */ = {isa = PBXBuildFile; fileRef = B2EA526126DA9D7A0023441C /* LaunchScreen.storyboard */; };
/* End PBXBuildFile section */

/* Begin PBXFileReference section */
		B2794E5426E1C8D0002F1B8B /* GamesDataSource.swift */ = {isa = PBXFileReference; lastKnownFileType = sourcecode.swift; path = GamesDataSource.swift; sourceTree = "<group>"; };
		B2794E5626E1C990002F1B8B /* PlayersDataSource.swift */ = {isa = PBXFileReference; lastKnownFileType = sourcecode.swift; path = PlayersDataSource.swift; sourceTree = "<group>"; };
		B2794E5826E1CA27002F1B8B /* PlayerModel.swift */ = {isa = PBXFileReference; lastKnownFileType = sourcecode.swift; path = PlayerModel.swift; sourceTree = "<group>"; };
		B2794E5B26E1CB47002F1B8B /* PlayersViewController.swift */ = {isa = PBXFileReference; lastKnownFileType = sourcecode.swift; path = PlayersViewController.swift; sourceTree = "<group>"; };
		B2794E5E26E1CD7F002F1B8B /* PlayerCell.swift */ = {isa = PBXFileReference; lastKnownFileType = sourcecode.swift; path = PlayerCell.swift; sourceTree = "<group>"; };
		B2794E6026E1CF79002F1B8B /* PlayerDetailsViewController.swift */ = {isa = PBXFileReference; lastKnownFileType = sourcecode.swift; path = PlayerDetailsViewController.swift; sourceTree = "<group>"; };
		B2794E6226E1D220002F1B8B /* GamePickerViewController.swift */ = {isa = PBXFileReference; lastKnownFileType = sourcecode.swift; path = GamePickerViewController.swift; sourceTree = "<group>"; };
		B2EA525326DA9D780023441C /* storyboards.app */ = {isa = PBXFileReference; explicitFileType = wrapper.application; includeInIndex = 0; path = storyboards.app; sourceTree = BUILT_PRODUCTS_DIR; };
		B2EA525626DA9D780023441C /* AppDelegate.swift */ = {isa = PBXFileReference; lastKnownFileType = sourcecode.swift; path = AppDelegate.swift; sourceTree = "<group>"; };
		B2EA525826DA9D780023441C /* SceneDelegate.swift */ = {isa = PBXFileReference; lastKnownFileType = sourcecode.swift; path = SceneDelegate.swift; sourceTree = "<group>"; };
		B2EA525A26DA9D780023441C /* ViewController.swift */ = {isa = PBXFileReference; lastKnownFileType = sourcecode.swift; path = ViewController.swift; sourceTree = "<group>"; };
		B2EA525D26DA9D780023441C /* Base */ = {isa = PBXFileReference; lastKnownFileType = file.storyboard; name = Base; path = Base.lproj/Main.storyboard; sourceTree = "<group>"; };
		B2EA525F26DA9D7A0023441C /* Assets.xcassets */ = {isa = PBXFileReference; lastKnownFileType = folder.assetcatalog; path = Assets.xcassets; sourceTree = "<group>"; };
		B2EA526226DA9D7A0023441C /* Base */ = {isa = PBXFileReference; lastKnownFileType = file.storyboard; name = Base; path = Base.lproj/LaunchScreen.storyboard; sourceTree = "<group>"; };
		B2EA526426DA9D7A0023441C /* Info.plist */ = {isa = PBXFileReference; lastKnownFileType = text.plist.xml; path = Info.plist; sourceTree = "<group>"; };
/* End PBXFileReference section */

/* Begin PBXFrameworksBuildPhase section */
		B2EA525026DA9D780023441C /* Frameworks */ = {
			isa = PBXFrameworksBuildPhase;
			buildActionMask = 2147483647;
			files = (
			);
			runOnlyForDeploymentPostprocessing = 0;
		};
/* End PBXFrameworksBuildPhase section */

/* Begin PBXGroup section */
		B2794E5A26E1CB22002F1B8B /* ViewControllers */ = {
			isa = PBXGroup;
			children = (
				B2794E5B26E1CB47002F1B8B /* PlayersViewController.swift */,
				B2794E6026E1CF79002F1B8B /* PlayerDetailsViewController.swift */,
			);
			path = ViewControllers;
			sourceTree = "<group>";
		};
		B2794E5D26E1CD46002F1B8B /* Views */ = {
			isa = PBXGroup;
			children = (
				B2794E5E26E1CD7F002F1B8B /* PlayerCell.swift */,
			);
			path = Views;
			sourceTree = "<group>";
		};
		B2EA524A26DA9D780023441C = {
			isa = PBXGroup;
			children = (
				B2EA525526DA9D780023441C /* storyboards */,
				B2EA525426DA9D780023441C /* Products */,
			);
			sourceTree = "<group>";
		};
		B2EA525426DA9D780023441C /* Products */ = {
			isa = PBXGroup;
			children = (
				B2EA525326DA9D780023441C /* storyboards.app */,
			);
			name = Products;
			sourceTree = "<group>";
		};
		B2EA525526DA9D780023441C /* storyboards */ = {
			isa = PBXGroup;
			children = (
				B2794E5D26E1CD46002F1B8B /* Views */,
				B2794E5A26E1CB22002F1B8B /* ViewControllers */,
				B2EA525626DA9D780023441C /* AppDelegate.swift */,
				B2EA525826DA9D780023441C /* SceneDelegate.swift */,
				B2EA525A26DA9D780023441C /* ViewController.swift */,
				B2EA525C26DA9D780023441C /* Main.storyboard */,
				B2EA525F26DA9D7A0023441C /* Assets.xcassets */,
				B2EA526126DA9D7A0023441C /* LaunchScreen.storyboard */,
				B2EA526426DA9D7A0023441C /* Info.plist */,
				B2794E5426E1C8D0002F1B8B /* GamesDataSource.swift */,
				B2794E5626E1C990002F1B8B /* PlayersDataSource.swift */,
				B2794E5826E1CA27002F1B8B /* PlayerModel.swift */,
				B2794E6226E1D220002F1B8B /* GamePickerViewController.swift */,
			);
			path = storyboards;
			sourceTree = "<group>";
		};
/* End PBXGroup section */

/* Begin PBXNativeTarget section */
		B2EA525226DA9D780023441C /* storyboards */ = {
			isa = PBXNativeTarget;
			buildConfigurationList = B2EA526726DA9D7A0023441C /* Build configuration list for PBXNativeTarget "storyboards" */;
			buildPhases = (
				B2EA524F26DA9D780023441C /* Sources */,
				B2EA525026DA9D780023441C /* Frameworks */,
				B2EA525126DA9D780023441C /* Resources */,
			);
			buildRules = (
			);
			dependencies = (
			);
			name = storyboards;
			productName = storyboards;
			productReference = B2EA525326DA9D780023441C /* storyboards.app */;
			productType = "com.apple.product-type.application";
		};
/* End PBXNativeTarget section */

/* Begin PBXProject section */
		B2EA524B26DA9D780023441C /* Project object */ = {
			isa = PBXProject;
			attributes = {
				LastSwiftUpdateCheck = 1250;
				LastUpgradeCheck = 1250;
				TargetAttributes = {
					B2EA525226DA9D780023441C = {
						CreatedOnToolsVersion = 12.5.1;
					};
				};
			};
			buildConfigurationList = B2EA524E26DA9D780023441C /* Build configuration list for PBXProject "storyboards" */;
			compatibilityVersion = "Xcode 9.3";
			developmentRegion = en;
			hasScannedForEncodings = 0;
			knownRegions = (
				en,
				Base,
			);
			mainGroup = B2EA524A26DA9D780023441C;
			productRefGroup = B2EA525426DA9D780023441C /* Products */;
			projectDirPath = "";
			projectRoot = "";
			targets = (
				B2EA525226DA9D780023441C /* storyboards */,
			);
		};
/* End PBXProject section */

/* Begin PBXResourcesBuildPhase section */
		B2EA525126DA9D780023441C /* Resources */ = {
			isa = PBXResourcesBuildPhase;
			buildActionMask = 2147483647;
			files = (
				B2EA526326DA9D7A0023441C /* LaunchScreen.storyboard in Resources */,
				B2EA526026DA9D7A0023441C /* Assets.xcassets in Resources */,
				B2EA525E26DA9D780023441C /* Main.storyboard in Resources */,
			);
			runOnlyForDeploymentPostprocessing = 0;
		};
/* End PBXResourcesBuildPhase section */

/* Begin PBXSourcesBuildPhase section */
		B2EA524F26DA9D780023441C /* Sources */ = {
			isa = PBXSourcesBuildPhase;
			buildActionMask = 2147483647;
			files = (
				B2794E5F26E1CD7F002F1B8B /* PlayerCell.swift in Sources */,
				B2794E5926E1CA27002F1B8B /* PlayerModel.swift in Sources */,
				B2794E5C26E1CB47002F1B8B /* PlayersViewController.swift in Sources */,
				B2794E5726E1C990002F1B8B /* PlayersDataSource.swift in Sources */,
				B2794E5526E1C8D0002F1B8B /* GamesDataSource.swift in Sources */,
				B2794E6126E1CF79002F1B8B /* PlayerDetailsViewController.swift in Sources */,
				B2794E6326E1D220002F1B8B /* GamePickerViewController.swift in Sources */,
				B2EA525B26DA9D780023441C /* ViewController.swift in Sources */,
				B2EA525726DA9D780023441C /* AppDelegate.swift in Sources */,
				B2EA525926DA9D780023441C /* SceneDelegate.swift in Sources */,
			);
			runOnlyForDeploymentPostprocessing = 0;
		};
/* End PBXSourcesBuildPhase section */

/* Begin PBXVariantGroup section */
		B2EA525C26DA9D780023441C /* Main.storyboard */ = {
			isa = PBXVariantGroup;
			children = (
				B2EA525D26DA9D780023441C /* Base */,
			);
			name = Main.storyboard;
			sourceTree = "<group>";
		};
		B2EA526126DA9D7A0023441C /* LaunchScreen.storyboard */ = {
			isa = PBXVariantGroup;
			children = (
				B2EA526226DA9D7A0023441C /* Base */,
			);
			name = LaunchScreen.storyboard;
			sourceTree = "<group>";
		};
/* End PBXVariantGroup section */

/* Begin XCBuildConfiguration section */
		B2EA526526DA9D7A0023441C /* Debug */ = {
			isa = XCBuildConfiguration;
			buildSettings = {
				ALWAYS_SEARCH_USER_PATHS = NO;
				CLANG_ANALYZER_NONNULL = YES;
				CLANG_ANALYZER_NUMBER_OBJECT_CONVERSION = YES_AGGRESSIVE;
				CLANG_CXX_LANGUAGE_STANDARD = "gnu++14";
				CLANG_CXX_LIBRARY = "libc++";
				CLANG_ENABLE_MODULES = YES;
				CLANG_ENABLE_OBJC_ARC = YES;
				CLANG_ENABLE_OBJC_WEAK = YES;
				CLANG_WARN_BLOCK_CAPTURE_AUTORELEASING = YES;
				CLANG_WARN_BOOL_CONVERSION = YES;
				CLANG_WARN_COMMA = YES;
				CLANG_WARN_CONSTANT_CONVERSION = YES;
				CLANG_WARN_DEPRECATED_OBJC_IMPLEMENTATIONS = YES;
				CLANG_WARN_DIRECT_OBJC_ISA_USAGE = YES_ERROR;
				CLANG_WARN_DOCUMENTATION_COMMENTS = YES;
				CLANG_WARN_EMPTY_BODY = YES;
				CLANG_WARN_ENUM_CONVERSION = YES;
				CLANG_WARN_INFINITE_RECURSION = YES;
				CLANG_WARN_INT_CONVERSION = YES;
				CLANG_WARN_NON_LITERAL_NULL_CONVERSION = YES;
				CLANG_WARN_OBJC_IMPLICIT_RETAIN_SELF = YES;
				CLANG_WARN_OBJC_LITERAL_CONVERSION = YES;
				CLANG_WARN_OBJC_ROOT_CLASS = YES_ERROR;
				CLANG_WARN_QUOTED_INCLUDE_IN_FRAMEWORK_HEADER = YES;
				CLANG_WARN_RANGE_LOOP_ANALYSIS = YES;
				CLANG_WARN_STRICT_PROTOTYPES = YES;
				CLANG_WARN_SUSPICIOUS_MOVE = YES;
				CLANG_WARN_UNGUARDED_AVAILABILITY = YES_AGGRESSIVE;
				CLANG_WARN_UNREACHABLE_CODE = YES;
				CLANG_WARN__DUPLICATE_METHOD_MATCH = YES;
				COPY_PHASE_STRIP = NO;
				DEBUG_INFORMATION_FORMAT = dwarf;
				ENABLE_STRICT_OBJC_MSGSEND = YES;
				ENABLE_TESTABILITY = YES;
				GCC_C_LANGUAGE_STANDARD = gnu11;
				GCC_DYNAMIC_NO_PIC = NO;
				GCC_NO_COMMON_BLOCKS = YES;
				GCC_OPTIMIZATION_LEVEL = 0;
				GCC_PREPROCESSOR_DEFINITIONS = (
					"DEBUG=1",
					"$(inherited)",
				);
				GCC_WARN_64_TO_32_BIT_CONVERSION = YES;
				GCC_WARN_ABOUT_RETURN_TYPE = YES_ERROR;
				GCC_WARN_UNDECLARED_SELECTOR = YES;
				GCC_WARN_UNINITIALIZED_AUTOS = YES_AGGRESSIVE;
				GCC_WARN_UNUSED_FUNCTION = YES;
				GCC_WARN_UNUSED_VARIABLE = YES;
				IPHONEOS_DEPLOYMENT_TARGET = 14.5;
				MTL_ENABLE_DEBUG_INFO = INCLUDE_SOURCE;
				MTL_FAST_MATH = YES;
				ONLY_ACTIVE_ARCH = YES;
				SDKROOT = iphoneos;
				SWIFT_ACTIVE_COMPILATION_CONDITIONS = DEBUG;
				SWIFT_OPTIMIZATION_LEVEL = "-Onone";
			};
			name = Debug;
		};
		B2EA526626DA9D7A0023441C /* Release */ = {
			isa = XCBuildConfiguration;
			buildSettings = {
				ALWAYS_SEARCH_USER_PATHS = NO;
				CLANG_ANALYZER_NONNULL = YES;
				CLANG_ANALYZER_NUMBER_OBJECT_CONVERSION = YES_AGGRESSIVE;
				CLANG_CXX_LANGUAGE_STANDARD = "gnu++14";
				CLANG_CXX_LIBRARY = "libc++";
				CLANG_ENABLE_MODULES = YES;
				CLANG_ENABLE_OBJC_ARC = YES;
				CLANG_ENABLE_OBJC_WEAK = YES;
				CLANG_WARN_BLOCK_CAPTURE_AUTORELEASING = YES;
				CLANG_WARN_BOOL_CONVERSION = YES;
				CLANG_WARN_COMMA = YES;
				CLANG_WARN_CONSTANT_CONVERSION = YES;
				CLANG_WARN_DEPRECATED_OBJC_IMPLEMENTATIONS = YES;
				CLANG_WARN_DIRECT_OBJC_ISA_USAGE = YES_ERROR;
				CLANG_WARN_DOCUMENTATION_COMMENTS = YES;
				CLANG_WARN_EMPTY_BODY = YES;
				CLANG_WARN_ENUM_CONVERSION = YES;
				CLANG_WARN_INFINITE_RECURSION = YES;
				CLANG_WARN_INT_CONVERSION = YES;
				CLANG_WARN_NON_LITERAL_NULL_CONVERSION = YES;
				CLANG_WARN_OBJC_IMPLICIT_RETAIN_SELF = YES;
				CLANG_WARN_OBJC_LITERAL_CONVERSION = YES;
				CLANG_WARN_OBJC_ROOT_CLASS = YES_ERROR;
				CLANG_WARN_QUOTED_INCLUDE_IN_FRAMEWORK_HEADER = YES;
				CLANG_WARN_RANGE_LOOP_ANALYSIS = YES;
				CLANG_WARN_STRICT_PROTOTYPES = YES;
				CLANG_WARN_SUSPICIOUS_MOVE = YES;
				CLANG_WARN_UNGUARDED_AVAILABILITY = YES_AGGRESSIVE;
				CLANG_WARN_UNREACHABLE_CODE = YES;
				CLANG_WARN__DUPLICATE_METHOD_MATCH = YES;
				COPY_PHASE_STRIP = NO;
				DEBUG_INFORMATION_FORMAT = "dwarf-with-dsym";
				ENABLE_NS_ASSERTIONS = NO;
				ENABLE_STRICT_OBJC_MSGSEND = YES;
				GCC_C_LANGUAGE_STANDARD = gnu11;
				GCC_NO_COMMON_BLOCKS = YES;
				GCC_WARN_64_TO_32_BIT_CONVERSION = YES;
				GCC_WARN_ABOUT_RETURN_TYPE = YES_ERROR;
				GCC_WARN_UNDECLARED_SELECTOR = YES;
				GCC_WARN_UNINITIALIZED_AUTOS = YES_AGGRESSIVE;
				GCC_WARN_UNUSED_FUNCTION = YES;
				GCC_WARN_UNUSED_VARIABLE = YES;
				IPHONEOS_DEPLOYMENT_TARGET = 14.5;
				MTL_ENABLE_DEBUG_INFO = NO;
				MTL_FAST_MATH = YES;
				SDKROOT = iphoneos;
				SWIFT_COMPILATION_MODE = wholemodule;
				SWIFT_OPTIMIZATION_LEVEL = "-O";
				VALIDATE_PRODUCT = YES;
			};
			name = Release;
		};
		B2EA526826DA9D7A0023441C /* Debug */ = {
			isa = XCBuildConfiguration;
			buildSettings = {
				ASSETCATALOG_COMPILER_APPICON_NAME = AppIcon;
				ASSETCATALOG_COMPILER_GLOBAL_ACCENT_COLOR_NAME = AccentColor;
				CODE_SIGN_STYLE = Automatic;
				DEVELOPMENT_TEAM = 46Y3DG36A6;
				INFOPLIST_FILE = storyboards/Info.plist;
				LD_RUNPATH_SEARCH_PATHS = (
					"$(inherited)",
					"@executable_path/Frameworks",
				);
				PRODUCT_BUNDLE_IDENTIFIER = com.cenfotec.mov02.03.storyboards;
				PRODUCT_NAME = "$(TARGET_NAME)";
				SWIFT_VERSION = 5.0;
				TARGETED_DEVICE_FAMILY = 1;
			};
			name = Debug;
		};
		B2EA526926DA9D7A0023441C /* Release */ = {
			isa = XCBuildConfiguration;
			buildSettings = {
				ASSETCATALOG_COMPILER_APPICON_NAME = AppIcon;
				ASSETCATALOG_COMPILER_GLOBAL_ACCENT_COLOR_NAME = AccentColor;
				CODE_SIGN_STYLE = Automatic;
				DEVELOPMENT_TEAM = 46Y3DG36A6;
				INFOPLIST_FILE = storyboards/Info.plist;
				LD_RUNPATH_SEARCH_PATHS = (
					"$(inherited)",
					"@executable_path/Frameworks",
				);
				PRODUCT_BUNDLE_IDENTIFIER = com.cenfotec.mov02.03.storyboards;
				PRODUCT_NAME = "$(TARGET_NAME)";
				SWIFT_VERSION = 5.0;
				TARGETED_DEVICE_FAMILY = 1;
			};
			name = Release;
		};
/* End XCBuildConfiguration section */

/* Begin XCConfigurationList section */
		B2EA524E26DA9D780023441C /* Build configuration list for PBXProject "storyboards" */ = {
			isa = XCConfigurationList;
			buildConfigurations = (
				B2EA526526DA9D7A0023441C /* Debug */,
				B2EA526626DA9D7A0023441C /* Release */,
			);
			defaultConfigurationIsVisible = 0;
			defaultConfigurationName = Release;
		};
		B2EA526726DA9D7A0023441C /* Build configuration list for PBXNativeTarget "storyboards" */ = {
			isa = XCConfigurationList;
			buildConfigurations = (
				B2EA526826DA9D7A0023441C /* Debug */,
				B2EA526926DA9D7A0023441C /* Release */,
			);
			defaultConfigurationIsVisible = 0;
			defaultConfigurationName = Release;
		};
/* End XCConfigurationList section */
	};
	rootObject = B2EA524B26DA9D780023441C /* Project object */;
}
